
Microsoft Visual Studio Solution File, Format Version 12.00
# Visual Studio 15
VisualStudioVersion = 15.0.28307.438
MinimumVisualStudioVersion = 10.0.40219.1
Project("{FAE04EC0-301F-11D3-BF4B-00C04F79EFBC}") = "client", "WindowsFormsApplication1\client.csproj", "{AACF85C5-D010-4974-BCB3-D5B0368C0B2F}"
EndProject
Project("{FAE04EC0-301F-11D3-BF4B-00C04F79EFBC}") = "Server", "Server\Server.csproj", "{7D1D7831-78C8-45C7-93FA-D079EC790B25}"
EndProject
Global
	GlobalSection(SolutionConfigurationPlatforms) = preSolution
		Debug|Any CPU = Debug|Any CPU
		Release|Any CPU = Release|Any CPU
	EndGlobalSection
	GlobalSection(ProjectConfigurationPlatforms) = postSolution
		{AACF85C5-D010-4974-BCB3-D5B0368C0B2F}.Debug|Any CPU.ActiveCfg = Debug|Any CPU
		{AACF85C5-D010-4974-BCB3-D5B0368C0B2F}.Debug|Any CPU.Build.0 = Debug|Any CPU
		{AACF85C5-D010-4974-BCB3-D5B0368C0B2F}.Release|Any CPU.ActiveCfg = Release|Any CPU
		{AACF85C5-D010-4974-BCB3-D5B0368C0B2F}.Release|Any CPU.Build.0 = Release|Any CPU
		{7D1D7831-78C8-45C7-93FA-D079EC790B25}.Debug|Any CPU.ActiveCfg = Debug|Any CPU
		{7D1D7831-78C8-45C7-93FA-D079EC790B25}.Debug|Any CPU.Build.0 = Debug|Any CPU
		{7D1D7831-78C8-45C7-93FA-D079EC790B25}.Release|Any CPU.ActiveCfg = Release|Any CPU
		{7D1D7831-78C8-45C7-93FA-D079EC790B25}.Release|Any CPU.Build.0 = Release|Any CPU
	EndGlobalSection
	GlobalSection(SolutionProperties) = preSolution
		HideSolutionNode = FALSE
	EndGlobalSection
	GlobalSection(ExtensibilityGlobals) = postSolution
		SolutionGuid = {FF0657C5-537E-48AB-8C2D-BA92B5CA741D}
	EndGlobalSection
EndGlobal
